uuid: e850b965-7b5c-43d8-b371-ab37d88f4273
langcode: en
status: true
dependencies: {  }
_core:
  default_config_hash: 700UcZMAoqwXOP20vQ4DE5Yt7pnZ2niqBFBLHWOsTws
id: banner_block
label: 'Banner block'
revision: 0
description: 'A banner block contains a title, summary, link to content and a background image. The background image is scaled to fill the browser''s width.'
